
Microsoft Visual Studio Solution File, Format Version 12.00
# Visual Studio Version 17
VisualStudioVersion = 17.2.32616.157
MinimumVisualStudioVersion = 10.0.40219.1
Project("{9A19103F-16F7-4668-BE54-9A1E7A4F7556}") = "WooCommerceNetExtensions", "WooCommerceNetExtensions.csproj", "{09AD4DD3-7E80-45EE-AB1A-C04D7FC0B111}"
EndProject
Project("{FAE04EC0-301F-11D3-BF4B-00C04F79EFBC}") = "WooCommerceNetExtensions.Console", "..\WooCommerceNertExtensions.Console\WooCommerceNetExtensions.Console.csproj", "{B257D30E-B7B6-46DF-8F31-158D0076E56B}"
EndProject
Global
	GlobalSection(SolutionConfigurationPlatforms) = preSolution
		Debug|Any CPU = Debug|Any CPU
		Release|Any CPU = Release|Any CPU
	EndGlobalSection
	GlobalSection(ProjectConfigurationPlatforms) = postSolution
		{09AD4DD3-7E80-45EE-AB1A-C04D7FC0B111}.Debug|Any CPU.ActiveCfg = Debug|Any CPU
		{09AD4DD3-7E80-45EE-AB1A-C04D7FC0B111}.Debug|Any CPU.Build.0 = Debug|Any CPU
		{09AD4DD3-7E80-45EE-AB1A-C04D7FC0B111}.Release|Any CPU.ActiveCfg = Release|Any CPU
		{09AD4DD3-7E80-45EE-AB1A-C04D7FC0B111}.Release|Any CPU.Build.0 = Release|Any CPU
		{B257D30E-B7B6-46DF-8F31-158D0076E56B}.Debug|Any CPU.ActiveCfg = Debug|Any CPU
		{B257D30E-B7B6-46DF-8F31-158D0076E56B}.Debug|Any CPU.Build.0 = Debug|Any CPU
		{B257D30E-B7B6-46DF-8F31-158D0076E56B}.Release|Any CPU.ActiveCfg = Release|Any CPU
		{B257D30E-B7B6-46DF-8F31-158D0076E56B}.Release|Any CPU.Build.0 = Release|Any CPU
	EndGlobalSection
	GlobalSection(SolutionProperties) = preSolution
		HideSolutionNode = FALSE
	EndGlobalSection
	GlobalSection(ExtensibilityGlobals) = postSolution
		SolutionGuid = {C17EF3F6-DCCC-4233-A606-C14577413745}
	EndGlobalSection
EndGlobal
